// !$*UTF8*$!
{
	archiveVersion = 1;
	classes = {
	};
	objectVersion = 56;
	objects = {

/* Begin PBXBuildFile section */
		A7002C792D7CF30000B8A478 /* ParseSwift in Frameworks */ = {isa = PBXBuildFile; productRef = A7002C782D7CF30000B8A478 /* ParseSwift */; };
		A7002C7D2D7CF95F00B8A478 /* User.swift in Sources */ = {isa = PBXBuildFile; fileRef = A7002C7C2D7CF95F00B8A478 /* User.swift */; };
		A7002C7F2D7CF9D500B8A478 /* SignUpView.swift in Sources */ = {isa = PBXBuildFile; fileRef = A7002C7E2D7CF9D500B8A478 /* SignUpView.swift */; };
		A7002C812D7CF9FF00B8A478 /* LoginView.swift in Sources */ = {isa = PBXBuildFile; fileRef = A7002C802D7CF9FF00B8A478 /* LoginView.swift */; };
		A7002C832D7CFE2800B8A478 /* PhotoPickerView.swift in Sources */ = {isa = PBXBuildFile; fileRef = A7002C822D7CFE2800B8A478 /* PhotoPickerView.swift */; };
		A7002C852D7CFE8800B8A478 /* Post.swift in Sources */ = {isa = PBXBuildFile; fileRef = A7002C842D7CFE8800B8A478 /* Post.swift */; };
		A7002C872D7D008700B8A478 /* FeedView.swift in Sources */ = {isa = PBXBuildFile; fileRef = A7002C862D7D008700B8A478 /* FeedView.swift */; };
		A7A8DEDC2D7A4598006C7144 /* BeRealCloneApp.swift in Sources */ = {isa = PBXBuildFile; fileRef = A7A8DEDB2D7A4598006C7144 /* BeRealCloneApp.swift */; };
		A7A8DEDE2D7A4598006C7144 /* ContentView.swift in Sources */ = {isa = PBXBuildFile; fileRef = A7A8DEDD2D7A4598006C7144 /* ContentView.swift */; };
		A7A8DEE02D7A459F006C7144 /* Assets.xcassets in Resources */ = {isa = PBXBuildFile; fileRef = A7A8DEDF2D7A459F006C7144 /* Assets.xcassets */; };
		A7A8DEE32D7A459F006C7144 /* Preview Assets.xcassets in Resources */ = {isa = PBXBuildFile; fileRef = A7A8DEE22D7A459F006C7144 /* Preview Assets.xcassets */; };
/* End PBXBuildFile section */

/* Begin PBXFileReference section */
		A7002C7C2D7CF95F00B8A478 /* User.swift */ = {isa = PBXFileReference; lastKnownFileType = sourcecode.swift; path = User.swift; sourceTree = "<group>"; };
		A7002C7E2D7CF9D500B8A478 /* SignUpView.swift */ = {isa = PBXFileReference; lastKnownFileType = sourcecode.swift; path = SignUpView.swift; sourceTree = "<group>"; };
		A7002C802D7CF9FF00B8A478 /* LoginView.swift */ = {isa = PBXFileReference; lastKnownFileType = sourcecode.swift; path = LoginView.swift; sourceTree = "<group>"; };
		A7002C822D7CFE2800B8A478 /* PhotoPickerView.swift */ = {isa = PBXFileReference; lastKnownFileType = sourcecode.swift; path = PhotoPickerView.swift; sourceTree = "<group>"; };
		A7002C842D7CFE8800B8A478 /* Post.swift */ = {isa = PBXFileReference; lastKnownFileType = sourcecode.swift; path = Post.swift; sourceTree = "<group>"; };
		A7002C862D7D008700B8A478 /* FeedView.swift */ = {isa = PBXFileReference; lastKnownFileType = sourcecode.swift; path = FeedView.swift; sourceTree = "<group>"; };
		A7A8DED82D7A4598006C7144 /* BeRealClone.app */ = {isa = PBXFileReference; explicitFileType = wrapper.application; includeInIndex = 0; path = BeRealClone.app; sourceTree = BUILT_PRODUCTS_DIR; };
		A7A8DEDB2D7A4598006C7144 /* BeRealCloneApp.swift */ = {isa = PBXFileReference; lastKnownFileType = sourcecode.swift; path = BeRealCloneApp.swift; sourceTree = "<group>"; };
		A7A8DEDD2D7A4598006C7144 /* ContentView.swift */ = {isa = PBXFileReference; lastKnownFileType = sourcecode.swift; path = ContentView.swift; sourceTree = "<group>"; };
		A7A8DEDF2D7A459F006C7144 /* Assets.xcassets */ = {isa = PBXFileReference; lastKnownFileType = folder.assetcatalog; path = Assets.xcassets; sourceTree = "<group>"; };
		A7A8DEE22D7A459F006C7144 /* Preview Assets.xcassets */ = {isa = PBXFileReference; lastKnownFileType = folder.assetcatalog; path = "Preview Assets.xcassets"; sourceTree = "<group>"; };
/* End PBXFileReference section */

/* Begin PBXFrameworksBuildPhase section */
		A7A8DED52D7A4598006C7144 /* Frameworks */ = {
			isa = PBXFrameworksBuildPhase;
			buildActionMask = 2147483647;
			files = (
				A7002C792D7CF30000B8A478 /* ParseSwift in Frameworks */,
			);
			runOnlyForDeploymentPostprocessing = 0;
		};
/* End PBXFrameworksBuildPhase section */

/* Begin PBXGroup section */
		A7A8DECF2D7A4597006C7144 = {
			isa = PBXGroup;
			children = (
				A7A8DEDA2D7A4598006C7144 /* BeRealClone */,
				A7A8DED92D7A4598006C7144 /* Products */,
			);
			sourceTree = "<group>";
		};
		A7A8DED92D7A4598006C7144 /* Products */ = {
			isa = PBXGroup;
			children = (
				A7A8DED82D7A4598006C7144 /* BeRealClone.app */,
			);
			name = Products;
			sourceTree = "<group>";
		};
		A7A8DEDA2D7A4598006C7144 /* BeRealClone */ = {
			isa = PBXGroup;
			children = (
				A7A8DEDB2D7A4598006C7144 /* BeRealCloneApp.swift */,
				A7A8DEDD2D7A4598006C7144 /* ContentView.swift */,
				A7A8DEDF2D7A459F006C7144 /* Assets.xcassets */,
				A7A8DEE12D7A459F006C7144 /* Preview Content */,
				A7002C7C2D7CF95F00B8A478 /* User.swift */,
				A7002C822D7CFE2800B8A478 /* PhotoPickerView.swift */,
				A7002C7E2D7CF9D500B8A478 /* SignUpView.swift */,
				A7002C802D7CF9FF00B8A478 /* LoginView.swift */,
				A7002C842D7CFE8800B8A478 /* Post.swift */,
				A7002C862D7D008700B8A478 /* FeedView.swift */,
			);
			path = BeRealClone;
			sourceTree = "<group>";
		};
		A7A8DEE12D7A459F006C7144 /* Preview Content */ = {
			isa = PBXGroup;
			children = (
				A7A8DEE22D7A459F006C7144 /* Preview Assets.xcassets */,
			);
			path = "Preview Content";
			sourceTree = "<group>";
		};
/* End PBXGroup section */

/* Begin PBXNativeTarget section */
		A7A8DED72D7A4598006C7144 /* BeRealClone */ = {
			isa = PBXNativeTarget;
			buildConfigurationList = A7A8DEE62D7A459F006C7144 /* Build configuration list for PBXNativeTarget "BeRealClone" */;
			buildPhases = (
				A7A8DED42D7A4598006C7144 /* Sources */,
				A7A8DED52D7A4598006C7144 /* Frameworks */,
				A7A8DED62D7A4598006C7144 /* Resources */,
			);
			buildRules = (
			);
			dependencies = (
			);
			name = BeRealClone;
			packageProductDependencies = (
				A7002C782D7CF30000B8A478 /* ParseSwift */,
			);
			productName = BeRealClone;
			productReference = A7A8DED82D7A4598006C7144 /* BeRealClone.app */;
			productType = "com.apple.product-type.application";
		};
/* End PBXNativeTarget section */

/* Begin PBXProject section */
		A7A8DED02D7A4597006C7144 /* Project object */ = {
			isa = PBXProject;
			attributes = {
				BuildIndependentTargetsInParallel = 1;
				LastSwiftUpdateCheck = 1420;
				LastUpgradeCheck = 1420;
				TargetAttributes = {
					A7A8DED72D7A4598006C7144 = {
						CreatedOnToolsVersion = 14.2;
					};
				};
			};
			buildConfigurationList = A7A8DED32D7A4598006C7144 /* Build configuration list for PBXProject "BeRealClone" */;
			compatibilityVersion = "Xcode 14.0";
			developmentRegion = en;
			hasScannedForEncodings = 0;
			knownRegions = (
				en,
				Base,
			);
			mainGroup = A7A8DECF2D7A4597006C7144;
			packageReferences = (
				A7002C772D7CF30000B8A478 /* XCRemoteSwiftPackageReference "Parse-Swift" */,
			);
			productRefGroup = A7A8DED92D7A4598006C7144 /* Products */;
			projectDirPath = "";
			projectRoot = "";
			targets = (
				A7A8DED72D7A4598006C7144 /* BeRealClone */,
			);
		};
/* End PBXProject section */

/* Begin PBXResourcesBuildPhase section */
		A7A8DED62D7A4598006C7144 /* Resources */ = {
			isa = PBXResourcesBuildPhase;
			buildActionMask = 2147483647;
			files = (
				A7A8DEE32D7A459F006C7144 /* Preview Assets.xcassets in Resources */,
				A7A8DEE02D7A459F006C7144 /* Assets.xcassets in Resources */,
			);
			runOnlyForDeploymentPostprocessing = 0;
		};
/* End PBXResourcesBuildPhase section */

/* Begin PBXSourcesBuildPhase section */
		A7A8DED42D7A4598006C7144 /* Sources */ = {
			isa = PBXSourcesBuildPhase;
			buildActionMask = 2147483647;
			files = (
				A7002C872D7D008700B8A478 /* FeedView.swift in Sources */,
				A7002C7F2D7CF9D500B8A478 /* SignUpView.swift in Sources */,
				A7002C832D7CFE2800B8A478 /* PhotoPickerView.swift in Sources */,
				A7A8DEDE2D7A4598006C7144 /* ContentView.swift in Sources */,
				A7A8DEDC2D7A4598006C7144 /* BeRealCloneApp.swift in Sources */,
				A7002C812D7CF9FF00B8A478 /* LoginView.swift in Sources */,
				A7002C852D7CFE8800B8A478 /* Post.swift in Sources */,
				A7002C7D2D7CF95F00B8A478 /* User.swift in Sources */,
			);
			runOnlyForDeploymentPostprocessing = 0;
		};
/* End PBXSourcesBuildPhase section */

/* Begin XCBuildConfiguration section */
		A7A8DEE42D7A459F006C7144 /* Debug */ = {
			isa = XCBuildConfiguration;
			buildSettings = {
				ALWAYS_SEARCH_USER_PATHS = NO;
				CLANG_ANALYZER_NONNULL = YES;
				CLANG_ANALYZER_NUMBER_OBJECT_CONVERSION = YES_AGGRESSIVE;
				CLANG_CXX_LANGUAGE_STANDARD = "gnu++20";
				CLANG_ENABLE_MODULES = YES;
				CLANG_ENABLE_OBJC_ARC = YES;
				CLANG_ENABLE_OBJC_WEAK = YES;
				CLANG_WARN_BLOCK_CAPTURE_AUTORELEASING = YES;
				CLANG_WARN_BOOL_CONVERSION = YES;
				CLANG_WARN_COMMA = YES;
				CLANG_WARN_CONSTANT_CONVERSION = YES;
				CLANG_WARN_DEPRECATED_OBJC_IMPLEMENTATIONS = YES;
				CLANG_WARN_DIRECT_OBJC_ISA_USAGE = YES_ERROR;
				CLANG_WARN_DOCUMENTATION_COMMENTS = YES;
				CLANG_WARN_EMPTY_BODY = YES;
				CLANG_WARN_ENUM_CONVERSION = YES;
				CLANG_WARN_INFINITE_RECURSION = YES;
				CLANG_WARN_INT_CONVERSION = YES;
				CLANG_WARN_NON_LITERAL_NULL_CONVERSION = YES;
				CLANG_WARN_OBJC_IMPLICIT_RETAIN_SELF = YES;
				CLANG_WARN_OBJC_LITERAL_CONVERSION = YES;
				CLANG_WARN_OBJC_ROOT_CLASS = YES_ERROR;
				CLANG_WARN_QUOTED_INCLUDE_IN_FRAMEWORK_HEADER = YES;
				CLANG_WARN_RANGE_LOOP_ANALYSIS = YES;
				CLANG_WARN_STRICT_PROTOTYPES = YES;
				CLANG_WARN_SUSPICIOUS_MOVE = YES;
				CLANG_WARN_UNGUARDED_AVAILABILITY = YES_AGGRESSIVE;
				CLANG_WARN_UNREACHABLE_CODE = YES;
				CLANG_WARN__DUPLICATE_METHOD_MATCH = YES;
				COPY_PHASE_STRIP = NO;
				DEBUG_INFORMATION_FORMAT = dwarf;
				ENABLE_STRICT_OBJC_MSGSEND = YES;
				ENABLE_TESTABILITY = YES;
				GCC_C_LANGUAGE_STANDARD = gnu11;
				GCC_DYNAMIC_NO_PIC = NO;
				GCC_NO_COMMON_BLOCKS = YES;
				GCC_OPTIMIZATION_LEVEL = 0;
				GCC_PREPROCESSOR_DEFINITIONS = (
					"DEBUG=1",
					"$(inherited)",
				);
				GCC_WARN_64_TO_32_BIT_CONVERSION = YES;
				GCC_WARN_ABOUT_RETURN_TYPE = YES_ERROR;
				GCC_WARN_UNDECLARED_SELECTOR = YES;
				GCC_WARN_UNINITIALIZED_AUTOS = YES_AGGRESSIVE;
				GCC_WARN_UNUSED_FUNCTION = YES;
				GCC_WARN_UNUSED_VARIABLE = YES;
				IPHONEOS_DEPLOYMENT_TARGET = 16.2;
				MTL_ENABLE_DEBUG_INFO = INCLUDE_SOURCE;
				MTL_FAST_MATH = YES;
				ONLY_ACTIVE_ARCH = YES;
				SDKROOT = iphoneos;
				SWIFT_ACTIVE_COMPILATION_CONDITIONS = DEBUG;
				SWIFT_OPTIMIZATION_LEVEL = "-Onone";
			};
			name = Debug;
		};
		A7A8DEE52D7A459F006C7144 /* Release */ = {
			isa = XCBuildConfiguration;
			buildSettings = {
				ALWAYS_SEARCH_USER_PATHS = NO;
				CLANG_ANALYZER_NONNULL = YES;
				CLANG_ANALYZER_NUMBER_OBJECT_CONVERSION = YES_AGGRESSIVE;
				CLANG_CXX_LANGUAGE_STANDARD = "gnu++20";
				CLANG_ENABLE_MODULES = YES;
				CLANG_ENABLE_OBJC_ARC = YES;
				CLANG_ENABLE_OBJC_WEAK = YES;
				CLANG_WARN_BLOCK_CAPTURE_AUTORELEASING = YES;
				CLANG_WARN_BOOL_CONVERSION = YES;
				CLANG_WARN_COMMA = YES;
				CLANG_WARN_CONSTANT_CONVERSION = YES;
				CLANG_WARN_DEPRECATED_OBJC_IMPLEMENTATIONS = YES;
				CLANG_WARN_DIRECT_OBJC_ISA_USAGE = YES_ERROR;
				CLANG_WARN_DOCUMENTATION_COMMENTS = YES;
				CLANG_WARN_EMPTY_BODY = YES;
				CLANG_WARN_ENUM_CONVERSION = YES;
				CLANG_WARN_INFINITE_RECURSION = YES;
				CLANG_WARN_INT_CONVERSION = YES;
				CLANG_WARN_NON_LITERAL_NULL_CONVERSION = YES;
				CLANG_WARN_OBJC_IMPLICIT_RETAIN_SELF = YES;
				CLANG_WARN_OBJC_LITERAL_CONVERSION = YES;
				CLANG_WARN_OBJC_ROOT_CLASS = YES_ERROR;
				CLANG_WARN_QUOTED_INCLUDE_IN_FRAMEWORK_HEADER = YES;
				CLANG_WARN_RANGE_LOOP_ANALYSIS = YES;
				CLANG_WARN_STRICT_PROTOTYPES = YES;
				CLANG_WARN_SUSPICIOUS_MOVE = YES;
				CLANG_WARN_UNGUARDED_AVAILABILITY = YES_AGGRESSIVE;
				CLANG_WARN_UNREACHABLE_CODE = YES;
				CLANG_WARN__DUPLICATE_METHOD_MATCH = YES;
				COPY_PHASE_STRIP = NO;
				DEBUG_INFORMATION_FORMAT = "dwarf-with-dsym";
				ENABLE_NS_ASSERTIONS = NO;
				ENABLE_STRICT_OBJC_MSGSEND = YES;
				GCC_C_LANGUAGE_STANDARD = gnu11;
				GCC_NO_COMMON_BLOCKS = YES;
				GCC_WARN_64_TO_32_BIT_CONVERSION = YES;
				GCC_WARN_ABOUT_RETURN_TYPE = YES_ERROR;
				GCC_WARN_UNDECLARED_SELECTOR = YES;
				GCC_WARN_UNINITIALIZED_AUTOS = YES_AGGRESSIVE;
				GCC_WARN_UNUSED_FUNCTION = YES;
				GCC_WARN_UNUSED_VARIABLE = YES;
				IPHONEOS_DEPLOYMENT_TARGET = 16.2;
				MTL_ENABLE_DEBUG_INFO = NO;
				MTL_FAST_MATH = YES;
				SDKROOT = iphoneos;
				SWIFT_COMPILATION_MODE = wholemodule;
				SWIFT_OPTIMIZATION_LEVEL = "-O";
				VALIDATE_PRODUCT = YES;
			};
			name = Release;
		};
		A7A8DEE72D7A459F006C7144 /* Debug */ = {
			isa = XCBuildConfiguration;
			buildSettings = {
				ASSETCATALOG_COMPILER_APPICON_NAME = AppIcon;
				ASSETCATALOG_COMPILER_GLOBAL_ACCENT_COLOR_NAME = AccentColor;
				CODE_SIGN_STYLE = Automatic;
				CURRENT_PROJECT_VERSION = 1;
				DEVELOPMENT_ASSET_PATHS = "\"BeRealClone/Preview Content\"";
				ENABLE_PREVIEWS = YES;
				GENERATE_INFOPLIST_FILE = YES;
				INFOPLIST_KEY_UIApplicationSceneManifest_Generation = YES;
				INFOPLIST_KEY_UIApplicationSupportsIndirectInputEvents = YES;
				INFOPLIST_KEY_UILaunchScreen_Generation = YES;
				INFOPLIST_KEY_UISupportedInterfaceOrientations_iPad = "UIInterfaceOrientationPortrait UIInterfaceOrientationPortraitUpsideDown UIInterfaceOrientationLandscapeLeft UIInterfaceOrientationLandscapeRight";
				INFOPLIST_KEY_UISupportedInterfaceOrientations_iPhone = "UIInterfaceOrientationPortrait UIInterfaceOrientationLandscapeLeft UIInterfaceOrientationLandscapeRight";
				LD_RUNPATH_SEARCH_PATHS = (
					"$(inherited)",
					"@executable_path/Frameworks",
				);
				MARKETING_VERSION = 1.0;
				PRODUCT_BUNDLE_IDENTIFIER = com.temi.BeRealClone;
				PRODUCT_NAME = "$(TARGET_NAME)";
				SWIFT_EMIT_LOC_STRINGS = YES;
				SWIFT_VERSION = 5.0;
				TARGETED_DEVICE_FAMILY = "1,2";
			};
			name = Debug;
		};
		A7A8DEE82D7A459F006C7144 /* Release */ = {
			isa = XCBuildConfiguration;
			buildSettings = {
				ASSETCATALOG_COMPILER_APPICON_NAME = AppIcon;
				ASSETCATALOG_COMPILER_GLOBAL_ACCENT_COLOR_NAME = AccentColor;
				CODE_SIGN_STYLE = Automatic;
				CURRENT_PROJECT_VERSION = 1;
				DEVELOPMENT_ASSET_PATHS = "\"BeRealClone/Preview Content\"";
				ENABLE_PREVIEWS = YES;
				GENERATE_INFOPLIST_FILE = YES;
				INFOPLIST_KEY_UIApplicationSceneManifest_Generation = YES;
				INFOPLIST_KEY_UIApplicationSupportsIndirectInputEvents = YES;
				INFOPLIST_KEY_UILaunchScreen_Generation = YES;
				INFOPLIST_KEY_UISupportedInterfaceOrientations_iPad = "UIInterfaceOrientationPortrait UIInterfaceOrientationPortraitUpsideDown UIInterfaceOrientationLandscapeLeft UIInterfaceOrientationLandscapeRight";
				INFOPLIST_KEY_UISupportedInterfaceOrientations_iPhone = "UIInterfaceOrientationPortrait UIInterfaceOrientationLandscapeLeft UIInterfaceOrientationLandscapeRight";
				LD_RUNPATH_SEARCH_PATHS = (
					"$(inherited)",
					"@executable_path/Frameworks",
				);
				MARKETING_VERSION = 1.0;
				PRODUCT_BUNDLE_IDENTIFIER = com.temi.BeRealClone;
				PRODUCT_NAME = "$(TARGET_NAME)";
				SWIFT_EMIT_LOC_STRINGS = YES;
				SWIFT_VERSION = 5.0;
				TARGETED_DEVICE_FAMILY = "1,2";
			};
			name = Release;
		};
/* End XCBuildConfiguration section */

/* Begin XCConfigurationList section */
		A7A8DED32D7A4598006C7144 /* Build configuration list for PBXProject "BeRealClone" */ = {
			isa = XCConfigurationList;
			buildConfigurations = (
				A7A8DEE42D7A459F006C7144 /* Debug */,
				A7A8DEE52D7A459F006C7144 /* Release */,
			);
			defaultConfigurationIsVisible = 0;
			defaultConfigurationName = Release;
		};
		A7A8DEE62D7A459F006C7144 /* Build configuration list for PBXNativeTarget "BeRealClone" */ = {
			isa = XCConfigurationList;
			buildConfigurations = (
				A7A8DEE72D7A459F006C7144 /* Debug */,
				A7A8DEE82D7A459F006C7144 /* Release */,
			);
			defaultConfigurationIsVisible = 0;
			defaultConfigurationName = Release;
		};
/* End XCConfigurationList section */

/* Begin XCRemoteSwiftPackageReference section */
		A7002C772D7CF30000B8A478 /* XCRemoteSwiftPackageReference "Parse-Swift" */ = {
			isa = XCRemoteSwiftPackageReference;
			repositoryURL = "https://github.com/parse-community/Parse-Swift";
			requirement = {
				kind = upToNextMajorVersion;
				minimumVersion = 4.0.0;
			};
		};
/* End XCRemoteSwiftPackageReference section */

/* Begin XCSwiftPackageProductDependency section */
		A7002C782D7CF30000B8A478 /* ParseSwift */ = {
			isa = XCSwiftPackageProductDependency;
			package = A7002C772D7CF30000B8A478 /* XCRemoteSwiftPackageReference "Parse-Swift" */;
			productName = ParseSwift;
		};
/* End XCSwiftPackageProductDependency section */
	};
	rootObject = A7A8DED02D7A4597006C7144 /* Project object */;
}
