// !$*UTF8*$!
{
	archiveVersion = 1;
	classes = {
	};
	objectVersion = 56;
	objects = {

/* Begin PBXBuildFile section */
		A78228222D7DFCDB0072FF5F /* TriviaGameApp.swift in Sources */ = {isa = PBXBuildFile; fileRef = A78228212D7DFCDB0072FF5F /* TriviaGameApp.swift */; };
		A78228242D7DFCDB0072FF5F /* ContentView.swift in Sources */ = {isa = PBXBuildFile; fileRef = A78228232D7DFCDB0072FF5F /* ContentView.swift */; };
		A78228262D7DFCDC0072FF5F /* Assets.xcassets in Resources */ = {isa = PBXBuildFile; fileRef = A78228252D7DFCDC0072FF5F /* Assets.xcassets */; };
		A78228292D7DFCDC0072FF5F /* Preview Assets.xcassets in Resources */ = {isa = PBXBuildFile; fileRef = A78228282D7DFCDC0072FF5F /* Preview Assets.xcassets */; };
		A78228302D7DFCF70072FF5F /* TriviaService.swift in Sources */ = {isa = PBXBuildFile; fileRef = A782282F2D7DFCF70072FF5F /* TriviaService.swift */; };
		A78228322D7DFD0C0072FF5F /* TriviaModel.swift in Sources */ = {isa = PBXBuildFile; fileRef = A78228312D7DFD0C0072FF5F /* TriviaModel.swift */; };
		A78228342D7DFD1E0072FF5F /* TriviaViewModel.swift in Sources */ = {isa = PBXBuildFile; fileRef = A78228332D7DFD1E0072FF5F /* TriviaViewModel.swift */; };
		A78228362D7DFD2F0072FF5F /* QuestionView.swift in Sources */ = {isa = PBXBuildFile; fileRef = A78228352D7DFD2F0072FF5F /* QuestionView.swift */; };
		A78228382D7DFD420072FF5F /* TriviaGameView.swift in Sources */ = {isa = PBXBuildFile; fileRef = A78228372D7DFD420072FF5F /* TriviaGameView.swift */; };
		A782283A2D7DFD5F0072FF5F /* ResultsView.swift in Sources */ = {isa = PBXBuildFile; fileRef = A78228392D7DFD5F0072FF5F /* ResultsView.swift */; };
/* End PBXBuildFile section */

/* Begin PBXFileReference section */
		A782281E2D7DFCDB0072FF5F /* TriviaGame.app */ = {isa = PBXFileReference; explicitFileType = wrapper.application; includeInIndex = 0; path = TriviaGame.app; sourceTree = BUILT_PRODUCTS_DIR; };
		A78228212D7DFCDB0072FF5F /* TriviaGameApp.swift */ = {isa = PBXFileReference; lastKnownFileType = sourcecode.swift; path = TriviaGameApp.swift; sourceTree = "<group>"; };
		A78228232D7DFCDB0072FF5F /* ContentView.swift */ = {isa = PBXFileReference; lastKnownFileType = sourcecode.swift; path = ContentView.swift; sourceTree = "<group>"; };
		A78228252D7DFCDC0072FF5F /* Assets.xcassets */ = {isa = PBXFileReference; lastKnownFileType = folder.assetcatalog; path = Assets.xcassets; sourceTree = "<group>"; };
		A78228282D7DFCDC0072FF5F /* Preview Assets.xcassets */ = {isa = PBXFileReference; lastKnownFileType = folder.assetcatalog; path = "Preview Assets.xcassets"; sourceTree = "<group>"; };
		A782282F2D7DFCF70072FF5F /* TriviaService.swift */ = {isa = PBXFileReference; lastKnownFileType = sourcecode.swift; path = TriviaService.swift; sourceTree = "<group>"; };
		A78228312D7DFD0C0072FF5F /* TriviaModel.swift */ = {isa = PBXFileReference; lastKnownFileType = sourcecode.swift; path = TriviaModel.swift; sourceTree = "<group>"; };
		A78228332D7DFD1E0072FF5F /* TriviaViewModel.swift */ = {isa = PBXFileReference; lastKnownFileType = sourcecode.swift; path = TriviaViewModel.swift; sourceTree = "<group>"; };
		A78228352D7DFD2F0072FF5F /* QuestionView.swift */ = {isa = PBXFileReference; lastKnownFileType = sourcecode.swift; path = QuestionView.swift; sourceTree = "<group>"; };
		A78228372D7DFD420072FF5F /* TriviaGameView.swift */ = {isa = PBXFileReference; lastKnownFileType = sourcecode.swift; path = TriviaGameView.swift; sourceTree = "<group>"; };
		A78228392D7DFD5F0072FF5F /* ResultsView.swift */ = {isa = PBXFileReference; lastKnownFileType = sourcecode.swift; path = ResultsView.swift; sourceTree = "<group>"; };
/* End PBXFileReference section */

/* Begin PBXFrameworksBuildPhase section */
		A782281B2D7DFCDB0072FF5F /* Frameworks */ = {
			isa = PBXFrameworksBuildPhase;
			buildActionMask = 2147483647;
			files = (
			);
			runOnlyForDeploymentPostprocessing = 0;
		};
/* End PBXFrameworksBuildPhase section */

/* Begin PBXGroup section */
		A78228152D7DFCDB0072FF5F = {
			isa = PBXGroup;
			children = (
				A78228202D7DFCDB0072FF5F /* TriviaGame */,
				A782281F2D7DFCDB0072FF5F /* Products */,
			);
			sourceTree = "<group>";
		};
		A782281F2D7DFCDB0072FF5F /* Products */ = {
			isa = PBXGroup;
			children = (
				A782281E2D7DFCDB0072FF5F /* TriviaGame.app */,
			);
			name = Products;
			sourceTree = "<group>";
		};
		A78228202D7DFCDB0072FF5F /* TriviaGame */ = {
			isa = PBXGroup;
			children = (
				A78228212D7DFCDB0072FF5F /* TriviaGameApp.swift */,
				A78228232D7DFCDB0072FF5F /* ContentView.swift */,
				A78228252D7DFCDC0072FF5F /* Assets.xcassets */,
				A78228272D7DFCDC0072FF5F /* Preview Content */,
				A782282F2D7DFCF70072FF5F /* TriviaService.swift */,
				A78228312D7DFD0C0072FF5F /* TriviaModel.swift */,
				A78228332D7DFD1E0072FF5F /* TriviaViewModel.swift */,
				A78228352D7DFD2F0072FF5F /* QuestionView.swift */,
				A78228372D7DFD420072FF5F /* TriviaGameView.swift */,
				A78228392D7DFD5F0072FF5F /* ResultsView.swift */,
			);
			path = TriviaGame;
			sourceTree = "<group>";
		};
		A78228272D7DFCDC0072FF5F /* Preview Content */ = {
			isa = PBXGroup;
			children = (
				A78228282D7DFCDC0072FF5F /* Preview Assets.xcassets */,
			);
			path = "Preview Content";
			sourceTree = "<group>";
		};
/* End PBXGroup section */

/* Begin PBXNativeTarget section */
		A782281D2D7DFCDB0072FF5F /* TriviaGame */ = {
			isa = PBXNativeTarget;
			buildConfigurationList = A782282C2D7DFCDC0072FF5F /* Build configuration list for PBXNativeTarget "TriviaGame" */;
			buildPhases = (
				A782281A2D7DFCDB0072FF5F /* Sources */,
				A782281B2D7DFCDB0072FF5F /* Frameworks */,
				A782281C2D7DFCDB0072FF5F /* Resources */,
			);
			buildRules = (
			);
			dependencies = (
			);
			name = TriviaGame;
			productName = TriviaGame;
			productReference = A782281E2D7DFCDB0072FF5F /* TriviaGame.app */;
			productType = "com.apple.product-type.application";
		};
/* End PBXNativeTarget section */

/* Begin PBXProject section */
		A78228162D7DFCDB0072FF5F /* Project object */ = {
			isa = PBXProject;
			attributes = {
				BuildIndependentTargetsInParallel = 1;
				LastSwiftUpdateCheck = 1420;
				LastUpgradeCheck = 1420;
				TargetAttributes = {
					A782281D2D7DFCDB0072FF5F = {
						CreatedOnToolsVersion = 14.2;
					};
				};
			};
			buildConfigurationList = A78228192D7DFCDB0072FF5F /* Build configuration list for PBXProject "TriviaGame" */;
			compatibilityVersion = "Xcode 14.0";
			developmentRegion = en;
			hasScannedForEncodings = 0;
			knownRegions = (
				en,
				Base,
			);
			mainGroup = A78228152D7DFCDB0072FF5F;
			productRefGroup = A782281F2D7DFCDB0072FF5F /* Products */;
			projectDirPath = "";
			projectRoot = "";
			targets = (
				A782281D2D7DFCDB0072FF5F /* TriviaGame */,
			);
		};
/* End PBXProject section */

/* Begin PBXResourcesBuildPhase section */
		A782281C2D7DFCDB0072FF5F /* Resources */ = {
			isa = PBXResourcesBuildPhase;
			buildActionMask = 2147483647;
			files = (
				A78228292D7DFCDC0072FF5F /* Preview Assets.xcassets in Resources */,
				A78228262D7DFCDC0072FF5F /* Assets.xcassets in Resources */,
			);
			runOnlyForDeploymentPostprocessing = 0;
		};
/* End PBXResourcesBuildPhase section */

/* Begin PBXSourcesBuildPhase section */
		A782281A2D7DFCDB0072FF5F /* Sources */ = {
			isa = PBXSourcesBuildPhase;
			buildActionMask = 2147483647;
			files = (
				A78228382D7DFD420072FF5F /* TriviaGameView.swift in Sources */,
				A782283A2D7DFD5F0072FF5F /* ResultsView.swift in Sources */,
				A78228322D7DFD0C0072FF5F /* TriviaModel.swift in Sources */,
				A78228302D7DFCF70072FF5F /* TriviaService.swift in Sources */,
				A78228342D7DFD1E0072FF5F /* TriviaViewModel.swift in Sources */,
				A78228242D7DFCDB0072FF5F /* ContentView.swift in Sources */,
				A78228362D7DFD2F0072FF5F /* QuestionView.swift in Sources */,
				A78228222D7DFCDB0072FF5F /* TriviaGameApp.swift in Sources */,
			);
			runOnlyForDeploymentPostprocessing = 0;
		};
/* End PBXSourcesBuildPhase section */

/* Begin XCBuildConfiguration section */
		A782282A2D7DFCDC0072FF5F /* Debug */ = {
			isa = XCBuildConfiguration;
			buildSettings = {
				ALWAYS_SEARCH_USER_PATHS = NO;
				CLANG_ANALYZER_NONNULL = YES;
				CLANG_ANALYZER_NUMBER_OBJECT_CONVERSION = YES_AGGRESSIVE;
				CLANG_CXX_LANGUAGE_STANDARD = "gnu++20";
				CLANG_ENABLE_MODULES = YES;
				CLANG_ENABLE_OBJC_ARC = YES;
				CLANG_ENABLE_OBJC_WEAK = YES;
				CLANG_WARN_BLOCK_CAPTURE_AUTORELEASING = YES;
				CLANG_WARN_BOOL_CONVERSION = YES;
				CLANG_WARN_COMMA = YES;
				CLANG_WARN_CONSTANT_CONVERSION = YES;
				CLANG_WARN_DEPRECATED_OBJC_IMPLEMENTATIONS = YES;
				CLANG_WARN_DIRECT_OBJC_ISA_USAGE = YES_ERROR;
				CLANG_WARN_DOCUMENTATION_COMMENTS = YES;
				CLANG_WARN_EMPTY_BODY = YES;
				CLANG_WARN_ENUM_CONVERSION = YES;
				CLANG_WARN_INFINITE_RECURSION = YES;
				CLANG_WARN_INT_CONVERSION = YES;
				CLANG_WARN_NON_LITERAL_NULL_CONVERSION = YES;
				CLANG_WARN_OBJC_IMPLICIT_RETAIN_SELF = YES;
				CLANG_WARN_OBJC_LITERAL_CONVERSION = YES;
				CLANG_WARN_OBJC_ROOT_CLASS = YES_ERROR;
				CLANG_WARN_QUOTED_INCLUDE_IN_FRAMEWORK_HEADER = YES;
				CLANG_WARN_RANGE_LOOP_ANALYSIS = YES;
				CLANG_WARN_STRICT_PROTOTYPES = YES;
				CLANG_WARN_SUSPICIOUS_MOVE = YES;
				CLANG_WARN_UNGUARDED_AVAILABILITY = YES_AGGRESSIVE;
				CLANG_WARN_UNREACHABLE_CODE = YES;
				CLANG_WARN__DUPLICATE_METHOD_MATCH = YES;
				COPY_PHASE_STRIP = NO;
				DEBUG_INFORMATION_FORMAT = dwarf;
				ENABLE_STRICT_OBJC_MSGSEND = YES;
				ENABLE_TESTABILITY = YES;
				GCC_C_LANGUAGE_STANDARD = gnu11;
				GCC_DYNAMIC_NO_PIC = NO;
				GCC_NO_COMMON_BLOCKS = YES;
				GCC_OPTIMIZATION_LEVEL = 0;
				GCC_PREPROCESSOR_DEFINITIONS = (
					"DEBUG=1",
					"$(inherited)",
				);
				GCC_WARN_64_TO_32_BIT_CONVERSION = YES;
				GCC_WARN_ABOUT_RETURN_TYPE = YES_ERROR;
				GCC_WARN_UNDECLARED_SELECTOR = YES;
				GCC_WARN_UNINITIALIZED_AUTOS = YES_AGGRESSIVE;
				GCC_WARN_UNUSED_FUNCTION = YES;
				GCC_WARN_UNUSED_VARIABLE = YES;
				IPHONEOS_DEPLOYMENT_TARGET = 16.2;
				MTL_ENABLE_DEBUG_INFO = INCLUDE_SOURCE;
				MTL_FAST_MATH = YES;
				ONLY_ACTIVE_ARCH = YES;
				SDKROOT = iphoneos;
				SWIFT_ACTIVE_COMPILATION_CONDITIONS = DEBUG;
				SWIFT_OPTIMIZATION_LEVEL = "-Onone";
			};
			name = Debug;
		};
		A782282B2D7DFCDC0072FF5F /* Release */ = {
			isa = XCBuildConfiguration;
			buildSettings = {
				ALWAYS_SEARCH_USER_PATHS = NO;
				CLANG_ANALYZER_NONNULL = YES;
				CLANG_ANALYZER_NUMBER_OBJECT_CONVERSION = YES_AGGRESSIVE;
				CLANG_CXX_LANGUAGE_STANDARD = "gnu++20";
				CLANG_ENABLE_MODULES = YES;
				CLANG_ENABLE_OBJC_ARC = YES;
				CLANG_ENABLE_OBJC_WEAK = YES;
				CLANG_WARN_BLOCK_CAPTURE_AUTORELEASING = YES;
				CLANG_WARN_BOOL_CONVERSION = YES;
				CLANG_WARN_COMMA = YES;
				CLANG_WARN_CONSTANT_CONVERSION = YES;
				CLANG_WARN_DEPRECATED_OBJC_IMPLEMENTATIONS = YES;
				CLANG_WARN_DIRECT_OBJC_ISA_USAGE = YES_ERROR;
				CLANG_WARN_DOCUMENTATION_COMMENTS = YES;
				CLANG_WARN_EMPTY_BODY = YES;
				CLANG_WARN_ENUM_CONVERSION = YES;
				CLANG_WARN_INFINITE_RECURSION = YES;
				CLANG_WARN_INT_CONVERSION = YES;
				CLANG_WARN_NON_LITERAL_NULL_CONVERSION = YES;
				CLANG_WARN_OBJC_IMPLICIT_RETAIN_SELF = YES;
				CLANG_WARN_OBJC_LITERAL_CONVERSION = YES;
				CLANG_WARN_OBJC_ROOT_CLASS = YES_ERROR;
				CLANG_WARN_QUOTED_INCLUDE_IN_FRAMEWORK_HEADER = YES;
				CLANG_WARN_RANGE_LOOP_ANALYSIS = YES;
				CLANG_WARN_STRICT_PROTOTYPES = YES;
				CLANG_WARN_SUSPICIOUS_MOVE = YES;
				CLANG_WARN_UNGUARDED_AVAILABILITY = YES_AGGRESSIVE;
				CLANG_WARN_UNREACHABLE_CODE = YES;
				CLANG_WARN__DUPLICATE_METHOD_MATCH = YES;
				COPY_PHASE_STRIP = NO;
				DEBUG_INFORMATION_FORMAT = "dwarf-with-dsym";
				ENABLE_NS_ASSERTIONS = NO;
				ENABLE_STRICT_OBJC_MSGSEND = YES;
				GCC_C_LANGUAGE_STANDARD = gnu11;
				GCC_NO_COMMON_BLOCKS = YES;
				GCC_WARN_64_TO_32_BIT_CONVERSION = YES;
				GCC_WARN_ABOUT_RETURN_TYPE = YES_ERROR;
				GCC_WARN_UNDECLARED_SELECTOR = YES;
				GCC_WARN_UNINITIALIZED_AUTOS = YES_AGGRESSIVE;
				GCC_WARN_UNUSED_FUNCTION = YES;
				GCC_WARN_UNUSED_VARIABLE = YES;
				IPHONEOS_DEPLOYMENT_TARGET = 16.2;
				MTL_ENABLE_DEBUG_INFO = NO;
				MTL_FAST_MATH = YES;
				SDKROOT = iphoneos;
				SWIFT_COMPILATION_MODE = wholemodule;
				SWIFT_OPTIMIZATION_LEVEL = "-O";
				VALIDATE_PRODUCT = YES;
			};
			name = Release;
		};
		A782282D2D7DFCDC0072FF5F /* Debug */ = {
			isa = XCBuildConfiguration;
			buildSettings = {
				ASSETCATALOG_COMPILER_APPICON_NAME = AppIcon;
				ASSETCATALOG_COMPILER_GLOBAL_ACCENT_COLOR_NAME = AccentColor;
				CODE_SIGN_STYLE = Automatic;
				CURRENT_PROJECT_VERSION = 1;
				DEVELOPMENT_ASSET_PATHS = "\"TriviaGame/Preview Content\"";
				ENABLE_PREVIEWS = YES;
				GENERATE_INFOPLIST_FILE = YES;
				INFOPLIST_KEY_UIApplicationSceneManifest_Generation = YES;
				INFOPLIST_KEY_UIApplicationSupportsIndirectInputEvents = YES;
				INFOPLIST_KEY_UILaunchScreen_Generation = YES;
				INFOPLIST_KEY_UISupportedInterfaceOrientations_iPad = "UIInterfaceOrientationPortrait UIInterfaceOrientationPortraitUpsideDown UIInterfaceOrientationLandscapeLeft UIInterfaceOrientationLandscapeRight";
				INFOPLIST_KEY_UISupportedInterfaceOrientations_iPhone = "UIInterfaceOrientationPortrait UIInterfaceOrientationLandscapeLeft UIInterfaceOrientationLandscapeRight";
				LD_RUNPATH_SEARCH_PATHS = (
					"$(inherited)",
					"@executable_path/Frameworks",
				);
				MARKETING_VERSION = 1.0;
				PRODUCT_BUNDLE_IDENTIFIER = com.temi.TriviaGame;
				PRODUCT_NAME = "$(TARGET_NAME)";
				SWIFT_EMIT_LOC_STRINGS = YES;
				SWIFT_VERSION = 5.0;
				TARGETED_DEVICE_FAMILY = "1,2";
			};
			name = Debug;
		};
		A782282E2D7DFCDC0072FF5F /* Release */ = {
			isa = XCBuildConfiguration;
			buildSettings = {
				ASSETCATALOG_COMPILER_APPICON_NAME = AppIcon;
				ASSETCATALOG_COMPILER_GLOBAL_ACCENT_COLOR_NAME = AccentColor;
				CODE_SIGN_STYLE = Automatic;
				CURRENT_PROJECT_VERSION = 1;
				DEVELOPMENT_ASSET_PATHS = "\"TriviaGame/Preview Content\"";
				ENABLE_PREVIEWS = YES;
				GENERATE_INFOPLIST_FILE = YES;
				INFOPLIST_KEY_UIApplicationSceneManifest_Generation = YES;
				INFOPLIST_KEY_UIApplicationSupportsIndirectInputEvents = YES;
				INFOPLIST_KEY_UILaunchScreen_Generation = YES;
				INFOPLIST_KEY_UISupportedInterfaceOrientations_iPad = "UIInterfaceOrientationPortrait UIInterfaceOrientationPortraitUpsideDown UIInterfaceOrientationLandscapeLeft UIInterfaceOrientationLandscapeRight";
				INFOPLIST_KEY_UISupportedInterfaceOrientations_iPhone = "UIInterfaceOrientationPortrait UIInterfaceOrientationLandscapeLeft UIInterfaceOrientationLandscapeRight";
				LD_RUNPATH_SEARCH_PATHS = (
					"$(inherited)",
					"@executable_path/Frameworks",
				);
				MARKETING_VERSION = 1.0;
				PRODUCT_BUNDLE_IDENTIFIER = com.temi.TriviaGame;
				PRODUCT_NAME = "$(TARGET_NAME)";
				SWIFT_EMIT_LOC_STRINGS = YES;
				SWIFT_VERSION = 5.0;
				TARGETED_DEVICE_FAMILY = "1,2";
			};
			name = Release;
		};
/* End XCBuildConfiguration section */

/* Begin XCConfigurationList section */
		A78228192D7DFCDB0072FF5F /* Build configuration list for PBXProject "TriviaGame" */ = {
			isa = XCConfigurationList;
			buildConfigurations = (
				A782282A2D7DFCDC0072FF5F /* Debug */,
				A782282B2D7DFCDC0072FF5F /* Release */,
			);
			defaultConfigurationIsVisible = 0;
			defaultConfigurationName = Release;
		};
		A782282C2D7DFCDC0072FF5F /* Build configuration list for PBXNativeTarget "TriviaGame" */ = {
			isa = XCConfigurationList;
			buildConfigurations = (
				A782282D2D7DFCDC0072FF5F /* Debug */,
				A782282E2D7DFCDC0072FF5F /* Release */,
			);
			defaultConfigurationIsVisible = 0;
			defaultConfigurationName = Release;
		};
/* End XCConfigurationList section */
	};
	rootObject = A78228162D7DFCDB0072FF5F /* Project object */;
}
